
Microsoft Visual Studio Solution File, Format Version 12.00
# Visual Studio 2013
VisualStudioVersion = 12.0.40629.0
MinimumVisualStudioVersion = 10.0.40219.1
Project("{FAE04EC0-301F-11D3-BF4B-00C04F79EFBC}") = "Ejercicio1", "Ejercicio1\Ejercicio1.csproj", "{842899D9-D082-42A4-84AC-E5B047AB3B15}"
EndProject
Global
	GlobalSection(SolutionConfigurationPlatforms) = preSolution
		Debug|Any CPU = Debug|Any CPU
		Release|Any CPU = Release|Any CPU
	EndGlobalSection
	GlobalSection(ProjectConfigurationPlatforms) = postSolution
		{842899D9-D082-42A4-84AC-E5B047AB3B15}.Debug|Any CPU.ActiveCfg = Debug|Any CPU
		{842899D9-D082-42A4-84AC-E5B047AB3B15}.Debug|Any CPU.Build.0 = Debug|Any CPU
		{842899D9-D082-42A4-84AC-E5B047AB3B15}.Release|Any CPU.ActiveCfg = Release|Any CPU
		{842899D9-D082-42A4-84AC-E5B047AB3B15}.Release|Any CPU.Build.0 = Release|Any CPU
	EndGlobalSection
	GlobalSection(SolutionProperties) = preSolution
		HideSolutionNode = FALSE
	EndGlobalSection
EndGlobal
